
Microsoft Visual Studio Solution File, Format Version 12.00
# Visual Studio Version 17
VisualStudioVersion = 17.14.36623.8 d17.14
MinimumVisualStudioVersion = 10.0.40219.1
Project("{FAE04EC0-301F-11D3-BF4B-00C04F79EFBC}") = "Nguyen Xuan Tuan Linh_BH02990_SE08301_Database_ASM_Final", "Nguyen Xuan Tuan Linh_BH02990_SE08301_Database_ASM_Final.csproj", "{440DBF50-AF26-49F7-B73A-39511C8964A8}"
EndProject
Global
	GlobalSection(SolutionConfigurationPlatforms) = preSolution
		Debug|Any CPU = Debug|Any CPU
		Release|Any CPU = Release|Any CPU
	EndGlobalSection
	GlobalSection(ProjectConfigurationPlatforms) = postSolution
		{440DBF50-AF26-49F7-B73A-39511C8964A8}.Debug|Any CPU.ActiveCfg = Debug|Any CPU
		{440DBF50-AF26-49F7-B73A-39511C8964A8}.Debug|Any CPU.Build.0 = Debug|Any CPU
		{440DBF50-AF26-49F7-B73A-39511C8964A8}.Release|Any CPU.ActiveCfg = Release|Any CPU
		{440DBF50-AF26-49F7-B73A-39511C8964A8}.Release|Any CPU.Build.0 = Release|Any CPU
	EndGlobalSection
	GlobalSection(SolutionProperties) = preSolution
		HideSolutionNode = FALSE
	EndGlobalSection
	GlobalSection(ExtensibilityGlobals) = postSolution
		SolutionGuid = {C07516B5-302B-48A6-956A-E325B0B487C3}
	EndGlobalSection
EndGlobal
